
Microsoft Visual Studio Solution File, Format Version 12.00
# Visual Studio 15
VisualStudioVersion = 15.0.26124.0
MinimumVisualStudioVersion = 15.0.26124.0
Project("{2150E333-8FDC-42A3-9474-1A3956D46DE8}") = ".paket", ".paket", "{3B392E09-C0B5-429F-AD3B-429F048C72F0}"
	ProjectSection(SolutionItems) = preProject
		paket.dependencies = paket.dependencies
	EndProjectSection
EndProject
Project("{F2A71F9B-5D33-465A-A702-920D77279786}") = "ShenSharp.Shared", "ShenSharp.Shared\ShenSharp.Shared.fsproj", "{41BAF340-2B70-4773-B5D7-D137847E6BE2}"
EndProject
Project("{F2A71F9B-5D33-465A-A702-920D77279786}") = "Kl.Tests", "Kl.Tests\Kl.Tests.fsproj", "{CFDCBC9A-90AC-4521-945F-61FBA1367978}"
EndProject
Project("{F2A71F9B-5D33-465A-A702-920D77279786}") = "Kl", "Kl\Kl.fsproj", "{B1D752E9-BFB7-475A-9F1D-C3897E45EB4F}"
EndProject
Project("{F2A71F9B-5D33-465A-A702-920D77279786}") = "Kl.Make", "Kl.Make\Kl.Make.fsproj", "{5EEBC5C2-1232-43D7-B10B-42A20657B8B5}"
EndProject
Project("{F2A71F9B-5D33-465A-A702-920D77279786}") = "Kl.Get", "Kl.Get\Kl.Get.fsproj", "{8BD62FD1-5EBD-4AAE-80DB-C8E9CA1ACB8E}"
EndProject
Global
	GlobalSection(SolutionConfigurationPlatforms) = preSolution
		Debug|Any CPU = Debug|Any CPU
		Debug|x64 = Debug|x64
		Debug|x86 = Debug|x86
		Release|Any CPU = Release|Any CPU
		Release|x64 = Release|x64
		Release|x86 = Release|x86
	EndGlobalSection
	GlobalSection(SolutionProperties) = preSolution
		HideSolutionNode = FALSE
	EndGlobalSection
	GlobalSection(ProjectConfigurationPlatforms) = postSolution
		{41BAF340-2B70-4773-B5D7-D137847E6BE2}.Debug|Any CPU.ActiveCfg = Debug|Any CPU
		{41BAF340-2B70-4773-B5D7-D137847E6BE2}.Debug|Any CPU.Build.0 = Debug|Any CPU
		{41BAF340-2B70-4773-B5D7-D137847E6BE2}.Debug|x64.ActiveCfg = Debug|Any CPU
		{41BAF340-2B70-4773-B5D7-D137847E6BE2}.Debug|x64.Build.0 = Debug|Any CPU
		{41BAF340-2B70-4773-B5D7-D137847E6BE2}.Debug|x86.ActiveCfg = Debug|Any CPU
		{41BAF340-2B70-4773-B5D7-D137847E6BE2}.Debug|x86.Build.0 = Debug|Any CPU
		{41BAF340-2B70-4773-B5D7-D137847E6BE2}.Release|Any CPU.ActiveCfg = Release|Any CPU
		{41BAF340-2B70-4773-B5D7-D137847E6BE2}.Release|Any CPU.Build.0 = Release|Any CPU
		{41BAF340-2B70-4773-B5D7-D137847E6BE2}.Release|x64.ActiveCfg = Release|Any CPU
		{41BAF340-2B70-4773-B5D7-D137847E6BE2}.Release|x64.Build.0 = Release|Any CPU
		{41BAF340-2B70-4773-B5D7-D137847E6BE2}.Release|x86.ActiveCfg = Release|Any CPU
		{41BAF340-2B70-4773-B5D7-D137847E6BE2}.Release|x86.Build.0 = Release|Any CPU
		{CFDCBC9A-90AC-4521-945F-61FBA1367978}.Debug|Any CPU.ActiveCfg = Debug|Any CPU
		{CFDCBC9A-90AC-4521-945F-61FBA1367978}.Debug|Any CPU.Build.0 = Debug|Any CPU
		{CFDCBC9A-90AC-4521-945F-61FBA1367978}.Debug|x64.ActiveCfg = Debug|Any CPU
		{CFDCBC9A-90AC-4521-945F-61FBA1367978}.Debug|x64.Build.0 = Debug|Any CPU
		{CFDCBC9A-90AC-4521-945F-61FBA1367978}.Debug|x86.ActiveCfg = Debug|Any CPU
		{CFDCBC9A-90AC-4521-945F-61FBA1367978}.Debug|x86.Build.0 = Debug|Any CPU
		{CFDCBC9A-90AC-4521-945F-61FBA1367978}.Release|Any CPU.ActiveCfg = Release|Any CPU
		{CFDCBC9A-90AC-4521-945F-61FBA1367978}.Release|Any CPU.Build.0 = Release|Any CPU
		{CFDCBC9A-90AC-4521-945F-61FBA1367978}.Release|x64.ActiveCfg = Release|Any CPU
		{CFDCBC9A-90AC-4521-945F-61FBA1367978}.Release|x64.Build.0 = Release|Any CPU
		{CFDCBC9A-90AC-4521-945F-61FBA1367978}.Release|x86.ActiveCfg = Release|Any CPU
		{CFDCBC9A-90AC-4521-945F-61FBA1367978}.Release|x86.Build.0 = Release|Any CPU
		{B1D752E9-BFB7-475A-9F1D-C3897E45EB4F}.Debug|Any CPU.ActiveCfg = Debug|Any CPU
		{B1D752E9-BFB7-475A-9F1D-C3897E45EB4F}.Debug|Any CPU.Build.0 = Debug|Any CPU
		{B1D752E9-BFB7-475A-9F1D-C3897E45EB4F}.Debug|x64.ActiveCfg = Debug|Any CPU
		{B1D752E9-BFB7-475A-9F1D-C3897E45EB4F}.Debug|x64.Build.0 = Debug|Any CPU
		{B1D752E9-BFB7-475A-9F1D-C3897E45EB4F}.Debug|x86.ActiveCfg = Debug|Any CPU
		{B1D752E9-BFB7-475A-9F1D-C3897E45EB4F}.Debug|x86.Build.0 = Debug|Any CPU
		{B1D752E9-BFB7-475A-9F1D-C3897E45EB4F}.Release|Any CPU.ActiveCfg = Release|Any CPU
		{B1D752E9-BFB7-475A-9F1D-C3897E45EB4F}.Release|Any CPU.Build.0 = Release|Any CPU
		{B1D752E9-BFB7-475A-9F1D-C3897E45EB4F}.Release|x64.ActiveCfg = Release|Any CPU
		{B1D752E9-BFB7-475A-9F1D-C3897E45EB4F}.Release|x64.Build.0 = Release|Any CPU
		{B1D752E9-BFB7-475A-9F1D-C3897E45EB4F}.Release|x86.ActiveCfg = Release|Any CPU
		{B1D752E9-BFB7-475A-9F1D-C3897E45EB4F}.Release|x86.Build.0 = Release|Any CPU
		{5EEBC5C2-1232-43D7-B10B-42A20657B8B5}.Debug|Any CPU.ActiveCfg = Debug|Any CPU
		{5EEBC5C2-1232-43D7-B10B-42A20657B8B5}.Debug|Any CPU.Build.0 = Debug|Any CPU
		{5EEBC5C2-1232-43D7-B10B-42A20657B8B5}.Debug|x64.ActiveCfg = Debug|Any CPU
		{5EEBC5C2-1232-43D7-B10B-42A20657B8B5}.Debug|x64.Build.0 = Debug|Any CPU
		{5EEBC5C2-1232-43D7-B10B-42A20657B8B5}.Debug|x86.ActiveCfg = Debug|Any CPU
		{5EEBC5C2-1232-43D7-B10B-42A20657B8B5}.Debug|x86.Build.0 = Debug|Any CPU
		{5EEBC5C2-1232-43D7-B10B-42A20657B8B5}.Release|Any CPU.ActiveCfg = Release|Any CPU
		{5EEBC5C2-1232-43D7-B10B-42A20657B8B5}.Release|Any CPU.Build.0 = Release|Any CPU
		{5EEBC5C2-1232-43D7-B10B-42A20657B8B5}.Release|x64.ActiveCfg = Release|Any CPU
		{5EEBC5C2-1232-43D7-B10B-42A20657B8B5}.Release|x64.Build.0 = Release|Any CPU
		{5EEBC5C2-1232-43D7-B10B-42A20657B8B5}.Release|x86.ActiveCfg = Release|Any CPU
		{5EEBC5C2-1232-43D7-B10B-42A20657B8B5}.Release|x86.Build.0 = Release|Any CPU
		{8BD62FD1-5EBD-4AAE-80DB-C8E9CA1ACB8E}.Debug|Any CPU.ActiveCfg = Debug|Any CPU
		{8BD62FD1-5EBD-4AAE-80DB-C8E9CA1ACB8E}.Debug|Any CPU.Build.0 = Debug|Any CPU
		{8BD62FD1-5EBD-4AAE-80DB-C8E9CA1ACB8E}.Debug|x64.ActiveCfg = Debug|Any CPU
		{8BD62FD1-5EBD-4AAE-80DB-C8E9CA1ACB8E}.Debug|x64.Build.0 = Debug|Any CPU
		{8BD62FD1-5EBD-4AAE-80DB-C8E9CA1ACB8E}.Debug|x86.ActiveCfg = Debug|Any CPU
		{8BD62FD1-5EBD-4AAE-80DB-C8E9CA1ACB8E}.Debug|x86.Build.0 = Debug|Any CPU
		{8BD62FD1-5EBD-4AAE-80DB-C8E9CA1ACB8E}.Release|Any CPU.ActiveCfg = Release|Any CPU
		{8BD62FD1-5EBD-4AAE-80DB-C8E9CA1ACB8E}.Release|Any CPU.Build.0 = Release|Any CPU
		{8BD62FD1-5EBD-4AAE-80DB-C8E9CA1ACB8E}.Release|x64.ActiveCfg = Release|Any CPU
		{8BD62FD1-5EBD-4AAE-80DB-C8E9CA1ACB8E}.Release|x64.Build.0 = Release|Any CPU
		{8BD62FD1-5EBD-4AAE-80DB-C8E9CA1ACB8E}.Release|x86.ActiveCfg = Release|Any CPU
		{8BD62FD1-5EBD-4AAE-80DB-C8E9CA1ACB8E}.Release|x86.Build.0 = Release|Any CPU
	EndGlobalSection
EndGlobal
