
Microsoft Visual Studio Solution File, Format Version 12.00
# Visual Studio 15
VisualStudioVersion = 15.0.26124.0
MinimumVisualStudioVersion = 15.0.26124.0
Project("{F2A71F9B-5D33-465A-A702-920D77279786}") = "ShenSharp.Shared", "ShenSharp.Shared\ShenSharp.Shared.fsproj", "{2CFD35E5-D177-4E74-9D08-5EA3BAC2985C}"
EndProject
Project("{F2A71F9B-5D33-465A-A702-920D77279786}") = "Shen.Tests", "Shen.Tests\Shen.Tests.fsproj", "{39BBFB1A-EDB2-4086-950E-7E458A9CAC4F}"
EndProject
Project("{F2A71F9B-5D33-465A-A702-920D77279786}") = "Kl", "Kl\Kl.fsproj", "{DC784EFA-7601-422E-9A84-A433FE8DB8FF}"
EndProject
Project("{F2A71F9B-5D33-465A-A702-920D77279786}") = "Shen.Api", "Shen.Api\Shen.Api.fsproj", "{4B27CC4B-697E-4E02-99B2-860484DD480E}"
EndProject
Global
	GlobalSection(SolutionConfigurationPlatforms) = preSolution
		Debug|Any CPU = Debug|Any CPU
		Debug|x64 = Debug|x64
		Debug|x86 = Debug|x86
		Release|Any CPU = Release|Any CPU
		Release|x64 = Release|x64
		Release|x86 = Release|x86
	EndGlobalSection
	GlobalSection(SolutionProperties) = preSolution
		HideSolutionNode = FALSE
	EndGlobalSection
	GlobalSection(ProjectConfigurationPlatforms) = postSolution
		{2CFD35E5-D177-4E74-9D08-5EA3BAC2985C}.Debug|Any CPU.ActiveCfg = Debug|Any CPU
		{2CFD35E5-D177-4E74-9D08-5EA3BAC2985C}.Debug|Any CPU.Build.0 = Debug|Any CPU
		{2CFD35E5-D177-4E74-9D08-5EA3BAC2985C}.Debug|x64.ActiveCfg = Debug|Any CPU
		{2CFD35E5-D177-4E74-9D08-5EA3BAC2985C}.Debug|x64.Build.0 = Debug|Any CPU
		{2CFD35E5-D177-4E74-9D08-5EA3BAC2985C}.Debug|x86.ActiveCfg = Debug|Any CPU
		{2CFD35E5-D177-4E74-9D08-5EA3BAC2985C}.Debug|x86.Build.0 = Debug|Any CPU
		{2CFD35E5-D177-4E74-9D08-5EA3BAC2985C}.Release|Any CPU.ActiveCfg = Release|Any CPU
		{2CFD35E5-D177-4E74-9D08-5EA3BAC2985C}.Release|Any CPU.Build.0 = Release|Any CPU
		{2CFD35E5-D177-4E74-9D08-5EA3BAC2985C}.Release|x64.ActiveCfg = Release|Any CPU
		{2CFD35E5-D177-4E74-9D08-5EA3BAC2985C}.Release|x64.Build.0 = Release|Any CPU
		{2CFD35E5-D177-4E74-9D08-5EA3BAC2985C}.Release|x86.ActiveCfg = Release|Any CPU
		{2CFD35E5-D177-4E74-9D08-5EA3BAC2985C}.Release|x86.Build.0 = Release|Any CPU
		{39BBFB1A-EDB2-4086-950E-7E458A9CAC4F}.Debug|Any CPU.ActiveCfg = Debug|Any CPU
		{39BBFB1A-EDB2-4086-950E-7E458A9CAC4F}.Debug|Any CPU.Build.0 = Debug|Any CPU
		{39BBFB1A-EDB2-4086-950E-7E458A9CAC4F}.Debug|x64.ActiveCfg = Debug|Any CPU
		{39BBFB1A-EDB2-4086-950E-7E458A9CAC4F}.Debug|x64.Build.0 = Debug|Any CPU
		{39BBFB1A-EDB2-4086-950E-7E458A9CAC4F}.Debug|x86.ActiveCfg = Debug|Any CPU
		{39BBFB1A-EDB2-4086-950E-7E458A9CAC4F}.Debug|x86.Build.0 = Debug|Any CPU
		{39BBFB1A-EDB2-4086-950E-7E458A9CAC4F}.Release|Any CPU.ActiveCfg = Release|Any CPU
		{39BBFB1A-EDB2-4086-950E-7E458A9CAC4F}.Release|Any CPU.Build.0 = Release|Any CPU
		{39BBFB1A-EDB2-4086-950E-7E458A9CAC4F}.Release|x64.ActiveCfg = Release|Any CPU
		{39BBFB1A-EDB2-4086-950E-7E458A9CAC4F}.Release|x64.Build.0 = Release|Any CPU
		{39BBFB1A-EDB2-4086-950E-7E458A9CAC4F}.Release|x86.ActiveCfg = Release|Any CPU
		{39BBFB1A-EDB2-4086-950E-7E458A9CAC4F}.Release|x86.Build.0 = Release|Any CPU
		{DC784EFA-7601-422E-9A84-A433FE8DB8FF}.Debug|Any CPU.ActiveCfg = Debug|Any CPU
		{DC784EFA-7601-422E-9A84-A433FE8DB8FF}.Debug|Any CPU.Build.0 = Debug|Any CPU
		{DC784EFA-7601-422E-9A84-A433FE8DB8FF}.Debug|x64.ActiveCfg = Debug|Any CPU
		{DC784EFA-7601-422E-9A84-A433FE8DB8FF}.Debug|x64.Build.0 = Debug|Any CPU
		{DC784EFA-7601-422E-9A84-A433FE8DB8FF}.Debug|x86.ActiveCfg = Debug|Any CPU
		{DC784EFA-7601-422E-9A84-A433FE8DB8FF}.Debug|x86.Build.0 = Debug|Any CPU
		{DC784EFA-7601-422E-9A84-A433FE8DB8FF}.Release|Any CPU.ActiveCfg = Release|Any CPU
		{DC784EFA-7601-422E-9A84-A433FE8DB8FF}.Release|Any CPU.Build.0 = Release|Any CPU
		{DC784EFA-7601-422E-9A84-A433FE8DB8FF}.Release|x64.ActiveCfg = Release|Any CPU
		{DC784EFA-7601-422E-9A84-A433FE8DB8FF}.Release|x64.Build.0 = Release|Any CPU
		{DC784EFA-7601-422E-9A84-A433FE8DB8FF}.Release|x86.ActiveCfg = Release|Any CPU
		{DC784EFA-7601-422E-9A84-A433FE8DB8FF}.Release|x86.Build.0 = Release|Any CPU
		{4B27CC4B-697E-4E02-99B2-860484DD480E}.Debug|Any CPU.ActiveCfg = Debug|Any CPU
		{4B27CC4B-697E-4E02-99B2-860484DD480E}.Debug|Any CPU.Build.0 = Debug|Any CPU
		{4B27CC4B-697E-4E02-99B2-860484DD480E}.Debug|x64.ActiveCfg = Debug|Any CPU
		{4B27CC4B-697E-4E02-99B2-860484DD480E}.Debug|x64.Build.0 = Debug|Any CPU
		{4B27CC4B-697E-4E02-99B2-860484DD480E}.Debug|x86.ActiveCfg = Debug|Any CPU
		{4B27CC4B-697E-4E02-99B2-860484DD480E}.Debug|x86.Build.0 = Debug|Any CPU
		{4B27CC4B-697E-4E02-99B2-860484DD480E}.Release|Any CPU.ActiveCfg = Release|Any CPU
		{4B27CC4B-697E-4E02-99B2-860484DD480E}.Release|Any CPU.Build.0 = Release|Any CPU
		{4B27CC4B-697E-4E02-99B2-860484DD480E}.Release|x64.ActiveCfg = Release|Any CPU
		{4B27CC4B-697E-4E02-99B2-860484DD480E}.Release|x64.Build.0 = Release|Any CPU
		{4B27CC4B-697E-4E02-99B2-860484DD480E}.Release|x86.ActiveCfg = Release|Any CPU
		{4B27CC4B-697E-4E02-99B2-860484DD480E}.Release|x86.Build.0 = Release|Any CPU
	EndGlobalSection
EndGlobal
